Microsoft Visual Studio Solution File, Format Version 12.00
# Visual Studio Version 17
VisualStudioVersion = 17.5.2.0
MinimumVisualStudioVersion = 10.0.40219.1
Project("{FAE04EC0-301F-11D3-BF4B-00C04F79EFBC}") = "BlazorDeploy", "BlazorDeploy.csproj", "{C4FDBC66-95FD-CE3F-EDF5-6C945C961AF4}"
EndProject
Global
	GlobalSection(SolutionConfigurationPlatforms) = preSolution
		Debug|Any CPU = Debug|Any CPU
		Release|Any CPU = Release|Any CPU
	EndGlobalSection
	GlobalSection(ProjectConfigurationPlatforms) = postSolution
		{C4FDBC66-95FD-CE3F-EDF5-6C945C961AF4}.Debug|Any CPU.ActiveCfg = Debug|Any CPU
		{C4FDBC66-95FD-CE3F-EDF5-6C945C961AF4}.Debug|Any CPU.Build.0 = Debug|Any CPU
		{C4FDBC66-95FD-CE3F-EDF5-6C945C961AF4}.Release|Any CPU.ActiveCfg = Release|Any CPU
		{C4FDBC66-95FD-CE3F-EDF5-6C945C961AF4}.Release|Any CPU.Build.0 = Release|Any CPU
	EndGlobalSection
	GlobalSection(SolutionProperties) = preSolution
		HideSolutionNode = FALSE
	EndGlobalSection
	GlobalSection(ExtensibilityGlobals) = postSolution
		SolutionGuid = {22845858-41E7-4EFF-B8D3-B74841BCD84B}
	EndGlobalSection
EndGlobal
